
Microsoft Visual Studio Solution File, Format Version 12.00
# Visual Studio Version 17
VisualStudioVersion = 17.13.35507.96
MinimumVisualStudioVersion = 10.0.40219.1
Project("{9A19103F-16F7-4668-BE54-9A1E7A4F7556}") = "CleanArchMvc.Domain", "CleanArchMvc.Domain\CleanArchMvc.Domain.csproj", "{279001D8-887C-455B-8647-90360607A501}"
EndProject
Project("{9A19103F-16F7-4668-BE54-9A1E7A4F7556}") = "CleanArchMvc.Application", "CleanArchMvc.Application\CleanArchMvc.Application.csproj", "{71F57506-FAB8-461B-B9F5-93EDB674E4B7}"
EndProject
Project("{9A19103F-16F7-4668-BE54-9A1E7A4F7556}") = "CleanArchMvc.Infra.Data", "CleanArchMvc.Infra.Data\CleanArchMvc.Infra.Data.csproj", "{6A46B829-EA36-4CE5-A7D3-9777F6FE6B23}"
EndProject
Project("{9A19103F-16F7-4668-BE54-9A1E7A4F7556}") = "CleanArchMvc.WebUI", "CleanArchMvc.WebUI\CleanArchMvc.WebUI.csproj", "{7B78C4BC-4DF5-4D3D-BF9C-42295238E1EB}"
EndProject
Project("{9A19103F-16F7-4668-BE54-9A1E7A4F7556}") = "CleanArchMvc.Infra.Ioc", "CleanArchMvc.Infra.Ioc\CleanArchMvc.Infra.Ioc.csproj", "{46F2CDF5-6A2B-4407-BC2A-DA8E21AC626B}"
EndProject
Project("{FAE04EC0-301F-11D3-BF4B-00C04F79EFBC}") = "CleanArchMvc.Domain.Tests", "CleanArchMvc.Domain.Tests\CleanArchMvc.Domain.Tests.csproj", "{FD112698-D1BD-46C4-86EF-1FC709839745}"
EndProject
Global
	GlobalSection(SolutionConfigurationPlatforms) = preSolution
		Debug|Any CPU = Debug|Any CPU
		Release|Any CPU = Release|Any CPU
	EndGlobalSection
	GlobalSection(ProjectConfigurationPlatforms) = postSolution
		{279001D8-887C-455B-8647-90360607A501}.Debug|Any CPU.ActiveCfg = Debug|Any CPU
		{279001D8-887C-455B-8647-90360607A501}.Debug|Any CPU.Build.0 = Debug|Any CPU
		{279001D8-887C-455B-8647-90360607A501}.Release|Any CPU.ActiveCfg = Release|Any CPU
		{279001D8-887C-455B-8647-90360607A501}.Release|Any CPU.Build.0 = Release|Any CPU
		{71F57506-FAB8-461B-B9F5-93EDB674E4B7}.Debug|Any CPU.ActiveCfg = Debug|Any CPU
		{71F57506-FAB8-461B-B9F5-93EDB674E4B7}.Debug|Any CPU.Build.0 = Debug|Any CPU
		{71F57506-FAB8-461B-B9F5-93EDB674E4B7}.Release|Any CPU.ActiveCfg = Release|Any CPU
		{71F57506-FAB8-461B-B9F5-93EDB674E4B7}.Release|Any CPU.Build.0 = Release|Any CPU
		{6A46B829-EA36-4CE5-A7D3-9777F6FE6B23}.Debug|Any CPU.ActiveCfg = Debug|Any CPU
		{6A46B829-EA36-4CE5-A7D3-9777F6FE6B23}.Debug|Any CPU.Build.0 = Debug|Any CPU
		{6A46B829-EA36-4CE5-A7D3-9777F6FE6B23}.Release|Any CPU.ActiveCfg = Release|Any CPU
		{6A46B829-EA36-4CE5-A7D3-9777F6FE6B23}.Release|Any CPU.Build.0 = Release|Any CPU
		{7B78C4BC-4DF5-4D3D-BF9C-42295238E1EB}.Debug|Any CPU.ActiveCfg = Debug|Any CPU
		{7B78C4BC-4DF5-4D3D-BF9C-42295238E1EB}.Debug|Any CPU.Build.0 = Debug|Any CPU
		{7B78C4BC-4DF5-4D3D-BF9C-42295238E1EB}.Release|Any CPU.ActiveCfg = Release|Any CPU
		{7B78C4BC-4DF5-4D3D-BF9C-42295238E1EB}.Release|Any CPU.Build.0 = Release|Any CPU
		{46F2CDF5-6A2B-4407-BC2A-DA8E21AC626B}.Debug|Any CPU.ActiveCfg = Debug|Any CPU
		{46F2CDF5-6A2B-4407-BC2A-DA8E21AC626B}.Debug|Any CPU.Build.0 = Debug|Any CPU
		{46F2CDF5-6A2B-4407-BC2A-DA8E21AC626B}.Release|Any CPU.ActiveCfg = Release|Any CPU
		{46F2CDF5-6A2B-4407-BC2A-DA8E21AC626B}.Release|Any CPU.Build.0 = Release|Any CPU
		{FD112698-D1BD-46C4-86EF-1FC709839745}.Debug|Any CPU.ActiveCfg = Debug|Any CPU
		{FD112698-D1BD-46C4-86EF-1FC709839745}.Debug|Any CPU.Build.0 = Debug|Any CPU
		{FD112698-D1BD-46C4-86EF-1FC709839745}.Release|Any CPU.ActiveCfg = Release|Any CPU
		{FD112698-D1BD-46C4-86EF-1FC709839745}.Release|Any CPU.Build.0 = Release|Any CPU
	EndGlobalSection
	GlobalSection(SolutionProperties) = preSolution
		HideSolutionNode = FALSE
	EndGlobalSection
	GlobalSection(ExtensibilityGlobals) = postSolution
		SolutionGuid = {B409CE46-FB15-4FF3-A6AE-576AC9FAF630}
	EndGlobalSection
EndGlobal
